github.com/kamora/fluid v0.1.1 h1:r4qeQqvVrc9ijuN9M5wCJDVzBuavRwuwk9pPhjTYlKc=
github.com/kamora/fluid v0.1.1/go.mod h1:fCPEYGDKMie/lzllm0TW8IEuKOY4KoHZNIgkiOdIRn0=
github.com/kamora/mathanol v0.1.0 h1:yW+fu9fLGAI/jgq848tcQ/4ZMmH2RnNxgoOutuPYZX8=
github.com/kamora/mathanol v0.1.0/go.mod h1:mGJ+PUP97Vy82qlJyw8BbeJ62xzgnmemQ3El3NsJBGE=
